{
  "version": 4,
  "terraform_version": "1.9.1",
  "serial": 23,
  "lineage": "b9106c44-ca1e-7450-8ab2-6a5bf7314e5f",
  "outputs": {},
  "resources": [
    {
      "mode": "managed",
      "type": "local_file",
      "name": "foo",
      "provider": "provider[\"registry.terraform.io/hashicorp/local\"]",
      "instances": [
        {
          "index_key": "0",
          "schema_version": 0,
          "attributes": {
            "content": "0",
            "content_base64": null,
            "content_base64sha256": "X+zrZv/IbzjZUnhsbWlsecLbwjndTpG0ZynXOif7V+k=",
            "content_base64sha512": "MbygIJTreBJqUXsgaojHPPqexvcExwMNGCEsrOgg8CXwC/DqaNvz86VDbKY7U797+ArY1d59g1nQt/7Z28OrmQ==",
            "content_md5": "cfcd208495d565ef66e7dff9f98764da",
            "content_sha1": "b6589fc6ab0dc82cf12099d1c2d40ab994e8410c",
            "content_sha256": "5feceb66ffc86f38d952786c6d696c79c2dbc239dd4e91b46729d73a27fb57e9",
            "content_sha512": "31bca02094eb78126a517b206a88c73cfa9ec6f704c7030d18212cace820f025f00bf0ea68dbf3f3a5436ca63b53bf7bf80ad8d5de7d8359d0b7fed9dbc3ab99",
            "directory_permission": "0777",
            "file_permission": "0777",
            "filename": "file0.txt",
            "id": "b6589fc6ab0dc82cf12099d1c2d40ab994e8410c",
            "sensitive_content": null,
            "source": null
          },
          "sensitive_attributes": [
            [
              {
                "type": "get_attr",
                "value": "sensitive_content"
              }
            ]
          ]
        },
        {
          "index_key": "2",
          "schema_version": 0,
          "attributes": {
            "content": "2",
            "content_base64": null,
            "content_base64sha256": "1HNeOiZeFu7gP1lxi5tdAwGcB9i2xR+Q2jpmbuwTqzU=",
            "content_base64sha512": "QLJEESZB3XjdT5O2yRkN1G4AmRlNWkQle3761u+f9Gg9oe2gJERIyzQ6poj10+/XMU2v5YCsC8vxFa7Kno3BFA==",
            "content_md5": "c81e728d9d4c2f636f067f89cc14862c",
            "content_sha1": "da4b9237bacccdf19c0760cab7aec4a8359010b0",
            "content_sha256": "d4735e3a265e16eee03f59718b9b5d03019c07d8b6c51f90da3a666eec13ab35",
            "content_sha512": "40b244112641dd78dd4f93b6c9190dd46e0099194d5a44257b7efad6ef9ff4683da1eda0244448cb343aa688f5d3efd7314dafe580ac0bcbf115aeca9e8dc114",
            "directory_permission": "0777",
            "file_permission": "0777",
            "filename": "file2.txt",
            "id": "da4b9237bacccdf19c0760cab7aec4a8359010b0",
            "sensitive_content": null,
            "source": null
          },
          "sensitive_attributes": [
            [
              {
                "type": "get_attr",
                "value": "sensitive_content"
              }
            ]
          ]
        },
        {
          "index_key": "3",
          "schema_version": 0,
          "attributes": {
            "content": "3",
            "content_base64": null,
            "content_base64sha256": "TgdAhWK+24tgzgXB3s/jrRa3IjCWfeAfZAt+Rym0n84=",
            "content_base64sha512": "O6+/CIgqLRATMJOhuEM/UFY7k8FKzQW3kCjrHRJ5kCckFFCYBlGZRQFCOmbCdq4mxDtzm8ZcThaxDDr2wgKuuw==",
            "content_md5": "eccbc87e4b5ce2fe28308fd9f2a7baf3",
            "content_sha1": "77de68daecd823babbb58edb1c8e14d7106e83bb",
            "content_sha256": "4e07408562bedb8b60ce05c1decfe3ad16b72230967de01f640b7e4729b49fce",
            "content_sha512": "3bafbf08882a2d10133093a1b8433f50563b93c14acd05b79028eb1d12799027241450980651994501423a66c276ae26c43b739bc65c4e16b10c3af6c202aebb",
            "directory_permission": "0777",
            "file_permission": "0777",
            "filename": "file3.txt",
            "id": "77de68daecd823babbb58edb1c8e14d7106e83bb",
            "sensitive_content": null,
            "source": null
          },
          "sensitive_attributes": [
            [
              {
                "type": "get_attr",
                "value": "sensitive_content"
              }
            ]
          ]
        },
        {
          "index_key": "4",
          "schema_version": 0,
          "attributes": {
            "content": "4",
            "content_base64": null,
            "content_base64sha256": "SyJ3d9TdH8Ycb4hPSGQdArTRIdP9Moywi1Ux/Kzav4o=",
            "content_base64sha512": "oyHYtAXj7yYElZhHs20XHuvrxKiUHccKR4STWk/KXVgT3oTfoEnwZUmqYbIISMFjPOgbZ1KG6o+1PbJA2DHFaA==",
            "content_md5": "a87ff679a2f3e71d9181a67b7542122c",
            "content_sha1": "1b6453892473a467d07372d45eb05abc2031647a",
            "content_sha256": "4b227777d4dd1fc61c6f884f48641d02b4d121d3fd328cb08b5531fcacdabf8a",
            "content_sha512": "a321d8b405e3ef2604959847b36d171eebebc4a8941dc70a4784935a4fca5d5813de84dfa049f06549aa61b20848c1633ce81b675286ea8fb53db240d831c568",
            "directory_permission": "0777",
            "file_permission": "0777",
            "filename": "file4.txt",
            "id": "1b6453892473a467d07372d45eb05abc2031647a",
            "sensitive_content": null,
            "source": null
          },
          "sensitive_attributes": [
            [
              {
                "type": "get_attr",
                "value": "sensitive_content"
              }
            ]
          ]
        }
      ]
    }
  ],
  "check_results": null
}
